
Microsoft Visual Studio Solution File, Format Version 12.00
# Visual Studio Version 16
VisualStudioVersion = 16.0.30804.86
MinimumVisualStudioVersion = 10.0.40219.1
Project("{9A19103F-16F7-4668-BE54-9A1E7A4F7556}") = "BrokeredMessaging.ChatConsole", "BrokeredMessaging.ChatConsole\BrokeredMessaging.ChatConsole.csproj", "{AF0E6403-67B5-4DBE-BF9A-E9757F6A289E}"
EndProject
Project("{9A19103F-16F7-4668-BE54-9A1E7A4F7556}") = "BrokeredMessaging.Sender", "BrokeredMessaging.Sender\BrokeredMessaging.Sender.csproj", "{3F2E944D-CDB0-4B3E-9C8D-6E3BC47065E4}"
EndProject
Project("{9A19103F-16F7-4668-BE54-9A1E7A4F7556}") = "BrokeredMessaging.Receiver", "BrokeredMessaging.Receiver\BrokeredMessaging.Receiver.csproj", "{D3E25F4B-F83E-4000-9EDF-95C4B0A171A4}"
EndProject
Project("{9A19103F-16F7-4668-BE54-9A1E7A4F7556}") = "BrokeredMessagingSenderAndReceiver", "BrokeredMessagingSenderAndReceiver\BrokeredMessagingSenderAndReceiver.csproj", "{D79FC141-2B52-404D-A88D-08D56F319834}"
EndProject
Project("{9A19103F-16F7-4668-BE54-9A1E7A4F7556}") = "TryMassTransit", "TryMassTransit\TryMassTransit.csproj", "{52294180-B688-46A8-8684-9BC156A2DD5F}"
EndProject
Project("{2150E333-8FDC-42A3-9474-1A3956D46DE8}") = "Kafka", "Kafka", "{9619F005-4580-4761-AB71-E8EC2CA2A0A0}"
EndProject
Project("{FAE04EC0-301F-11D3-BF4B-00C04F79EFBC}") = "TryingKafka.KafkaService", "Kafka\TryingKafka.Services\TryingKafka.Services\TryingKafka.KafkaService.csproj", "{53FE0149-366B-44D4-A9B1-2AB9A5941D0E}"
EndProject
Project("{2150E333-8FDC-42A3-9474-1A3956D46DE8}") = "Services", "Services", "{4B33B7D0-4036-4591-A190-F60A36BA3BF8}"
EndProject
Project("{FAE04EC0-301F-11D3-BF4B-00C04F79EFBC}") = "Services.Ordering", "Kafka\Services\Services.Ordering\Services.Ordering\Services.Ordering.csproj", "{19919998-4DC4-4E73-9336-FA60D44A4C7A}"
EndProject
Project("{FAE04EC0-301F-11D3-BF4B-00C04F79EFBC}") = "Services.Inventory", "Kafka\Services\Services.Inventory\Services.Inventory\Services.Inventory.csproj", "{7A1A5D90-05BA-48BD-BB13-59C2A33F7E00}"
EndProject
Global
	GlobalSection(SolutionConfigurationPlatforms) = preSolution
		Debug|Any CPU = Debug|Any CPU
		Release|Any CPU = Release|Any CPU
	EndGlobalSection
	GlobalSection(ProjectConfigurationPlatforms) = postSolution
		{AF0E6403-67B5-4DBE-BF9A-E9757F6A289E}.Debug|Any CPU.ActiveCfg = Debug|Any CPU
		{AF0E6403-67B5-4DBE-BF9A-E9757F6A289E}.Debug|Any CPU.Build.0 = Debug|Any CPU
		{AF0E6403-67B5-4DBE-BF9A-E9757F6A289E}.Release|Any CPU.ActiveCfg = Release|Any CPU
		{AF0E6403-67B5-4DBE-BF9A-E9757F6A289E}.Release|Any CPU.Build.0 = Release|Any CPU
		{3F2E944D-CDB0-4B3E-9C8D-6E3BC47065E4}.Debug|Any CPU.ActiveCfg = Debug|Any CPU
		{3F2E944D-CDB0-4B3E-9C8D-6E3BC47065E4}.Debug|Any CPU.Build.0 = Debug|Any CPU
		{3F2E944D-CDB0-4B3E-9C8D-6E3BC47065E4}.Release|Any CPU.ActiveCfg = Release|Any CPU
		{3F2E944D-CDB0-4B3E-9C8D-6E3BC47065E4}.Release|Any CPU.Build.0 = Release|Any CPU
		{D3E25F4B-F83E-4000-9EDF-95C4B0A171A4}.Debug|Any CPU.ActiveCfg = Debug|Any CPU
		{D3E25F4B-F83E-4000-9EDF-95C4B0A171A4}.Debug|Any CPU.Build.0 = Debug|Any CPU
		{D3E25F4B-F83E-4000-9EDF-95C4B0A171A4}.Release|Any CPU.ActiveCfg = Release|Any CPU
		{D3E25F4B-F83E-4000-9EDF-95C4B0A171A4}.Release|Any CPU.Build.0 = Release|Any CPU
		{D79FC141-2B52-404D-A88D-08D56F319834}.Debug|Any CPU.ActiveCfg = Debug|Any CPU
		{D79FC141-2B52-404D-A88D-08D56F319834}.Debug|Any CPU.Build.0 = Debug|Any CPU
		{D79FC141-2B52-404D-A88D-08D56F319834}.Release|Any CPU.ActiveCfg = Release|Any CPU
		{D79FC141-2B52-404D-A88D-08D56F319834}.Release|Any CPU.Build.0 = Release|Any CPU
		{52294180-B688-46A8-8684-9BC156A2DD5F}.Debug|Any CPU.ActiveCfg = Debug|Any CPU
		{52294180-B688-46A8-8684-9BC156A2DD5F}.Debug|Any CPU.Build.0 = Debug|Any CPU
		{52294180-B688-46A8-8684-9BC156A2DD5F}.Release|Any CPU.ActiveCfg = Release|Any CPU
		{52294180-B688-46A8-8684-9BC156A2DD5F}.Release|Any CPU.Build.0 = Release|Any CPU
		{53FE0149-366B-44D4-A9B1-2AB9A5941D0E}.Debug|Any CPU.ActiveCfg = Debug|Any CPU
		{53FE0149-366B-44D4-A9B1-2AB9A5941D0E}.Debug|Any CPU.Build.0 = Debug|Any CPU
		{53FE0149-366B-44D4-A9B1-2AB9A5941D0E}.Release|Any CPU.ActiveCfg = Release|Any CPU
		{53FE0149-366B-44D4-A9B1-2AB9A5941D0E}.Release|Any CPU.Build.0 = Release|Any CPU
		{19919998-4DC4-4E73-9336-FA60D44A4C7A}.Debug|Any CPU.ActiveCfg = Debug|Any CPU
		{19919998-4DC4-4E73-9336-FA60D44A4C7A}.Debug|Any CPU.Build.0 = Debug|Any CPU
		{19919998-4DC4-4E73-9336-FA60D44A4C7A}.Release|Any CPU.ActiveCfg = Release|Any CPU
		{19919998-4DC4-4E73-9336-FA60D44A4C7A}.Release|Any CPU.Build.0 = Release|Any CPU
		{7A1A5D90-05BA-48BD-BB13-59C2A33F7E00}.Debug|Any CPU.ActiveCfg = Debug|Any CPU
		{7A1A5D90-05BA-48BD-BB13-59C2A33F7E00}.Debug|Any CPU.Build.0 = Debug|Any CPU
		{7A1A5D90-05BA-48BD-BB13-59C2A33F7E00}.Release|Any CPU.ActiveCfg = Release|Any CPU
		{7A1A5D90-05BA-48BD-BB13-59C2A33F7E00}.Release|Any CPU.Build.0 = Release|Any CPU
	EndGlobalSection
	GlobalSection(SolutionProperties) = preSolution
		HideSolutionNode = FALSE
	EndGlobalSection
	GlobalSection(NestedProjects) = preSolution
		{53FE0149-366B-44D4-A9B1-2AB9A5941D0E} = {9619F005-4580-4761-AB71-E8EC2CA2A0A0}
		{4B33B7D0-4036-4591-A190-F60A36BA3BF8} = {9619F005-4580-4761-AB71-E8EC2CA2A0A0}
		{19919998-4DC4-4E73-9336-FA60D44A4C7A} = {4B33B7D0-4036-4591-A190-F60A36BA3BF8}
		{7A1A5D90-05BA-48BD-BB13-59C2A33F7E00} = {4B33B7D0-4036-4591-A190-F60A36BA3BF8}
	EndGlobalSection
	GlobalSection(ExtensibilityGlobals) = postSolution
		SolutionGuid = {9F4FCC57-B87B-4086-B5D8-A8E0ABF41A38}
	EndGlobalSection
EndGlobal
